
Microsoft Visual Studio Solution File, Format Version 12.00
# Visual Studio Version 16
VisualStudioVersion = 16.0.31019.35
MinimumVisualStudioVersion = 10.0.40219.1
Project("{8BC9CEB8-8B4A-11D0-8D11-00A0C91BC942}") = "2021_6_24", "2021_6_24.vcxproj", "{744F78C6-5D72-4FE2-8D0C-A245BC254BCA}"
EndProject
Global
	GlobalSection(SolutionConfigurationPlatforms) = preSolution
		Debug|x64 = Debug|x64
		Debug|x86 = Debug|x86
		Release|x64 = Release|x64
		Release|x86 = Release|x86
	EndGlobalSection
	GlobalSection(ProjectConfigurationPlatforms) = postSolution
		{744F78C6-5D72-4FE2-8D0C-A245BC254BCA}.Debug|x64.ActiveCfg = Debug|x64
		{744F78C6-5D72-4FE2-8D0C-A245BC254BCA}.Debug|x64.Build.0 = Debug|x64
		{744F78C6-5D72-4FE2-8D0C-A245BC254BCA}.Debug|x86.ActiveCfg = Debug|Win32
		{744F78C6-5D72-4FE2-8D0C-A245BC254BCA}.Debug|x86.Build.0 = Debug|Win32
		{744F78C6-5D72-4FE2-8D0C-A245BC254BCA}.Release|x64.ActiveCfg = Release|x64
		{744F78C6-5D72-4FE2-8D0C-A245BC254BCA}.Release|x64.Build.0 = Release|x64
		{744F78C6-5D72-4FE2-8D0C-A245BC254BCA}.Release|x86.ActiveCfg = Release|Win32
		{744F78C6-5D72-4FE2-8D0C-A245BC254BCA}.Release|x86.Build.0 = Release|Win32
	EndGlobalSection
	GlobalSection(SolutionProperties) = preSolution
		HideSolutionNode = FALSE
	EndGlobalSection
	GlobalSection(ExtensibilityGlobals) = postSolution
		SolutionGuid = {34DFBC83-4647-4096-BD66-3220486B3A45}
	EndGlobalSection
EndGlobal
