
Microsoft Visual Studio Solution File, Format Version 12.00
# Visual Studio Version 16
VisualStudioVersion = 16.0.31019.35
MinimumVisualStudioVersion = 10.0.40219.1
Project("{8BC9CEB8-8B4A-11D0-8D11-00A0C91BC942}") = "数组作业", "数组作业.vcxproj", "{FBF81802-77C0-48AD-8643-6951329517FB}"
EndProject
Global
	GlobalSection(SolutionConfigurationPlatforms) = preSolution
		Debug|x64 = Debug|x64
		Debug|x86 = Debug|x86
		Release|x64 = Release|x64
		Release|x86 = Release|x86
	EndGlobalSection
	GlobalSection(ProjectConfigurationPlatforms) = postSolution
		{FBF81802-77C0-48AD-8643-6951329517FB}.Debug|x64.ActiveCfg = Debug|x64
		{FBF81802-77C0-48AD-8643-6951329517FB}.Debug|x64.Build.0 = Debug|x64
		{FBF81802-77C0-48AD-8643-6951329517FB}.Debug|x86.ActiveCfg = Debug|Win32
		{FBF81802-77C0-48AD-8643-6951329517FB}.Debug|x86.Build.0 = Debug|Win32
		{FBF81802-77C0-48AD-8643-6951329517FB}.Release|x64.ActiveCfg = Release|x64
		{FBF81802-77C0-48AD-8643-6951329517FB}.Release|x64.Build.0 = Release|x64
		{FBF81802-77C0-48AD-8643-6951329517FB}.Release|x86.ActiveCfg = Release|Win32
		{FBF81802-77C0-48AD-8643-6951329517FB}.Release|x86.Build.0 = Release|Win32
	EndGlobalSection
	GlobalSection(SolutionProperties) = preSolution
		HideSolutionNode = FALSE
	EndGlobalSection
	GlobalSection(ExtensibilityGlobals) = postSolution
		SolutionGuid = {237603E7-4780-4673-B3D3-B69822C45BEB}
	EndGlobalSection
EndGlobal
