
Microsoft Visual Studio Solution File, Format Version 12.00
# Visual Studio Version 16
VisualStudioVersion = 16.0.31019.35
MinimumVisualStudioVersion = 10.0.40219.1
Project("{8BC9CEB8-8B4A-11D0-8D11-00A0C91BC942}") = "2021_6_21", "2021_6_21.vcxproj", "{78DCAA7F-8F1A-4F8D-AAF6-B1D962A7544F}"
EndProject
Global
	GlobalSection(SolutionConfigurationPlatforms) = preSolution
		Debug|x64 = Debug|x64
		Debug|x86 = Debug|x86
		Release|x64 = Release|x64
		Release|x86 = Release|x86
	EndGlobalSection
	GlobalSection(ProjectConfigurationPlatforms) = postSolution
		{78DCAA7F-8F1A-4F8D-AAF6-B1D962A7544F}.Debug|x64.ActiveCfg = Debug|x64
		{78DCAA7F-8F1A-4F8D-AAF6-B1D962A7544F}.Debug|x64.Build.0 = Debug|x64
		{78DCAA7F-8F1A-4F8D-AAF6-B1D962A7544F}.Debug|x86.ActiveCfg = Debug|Win32
		{78DCAA7F-8F1A-4F8D-AAF6-B1D962A7544F}.Debug|x86.Build.0 = Debug|Win32
		{78DCAA7F-8F1A-4F8D-AAF6-B1D962A7544F}.Release|x64.ActiveCfg = Release|x64
		{78DCAA7F-8F1A-4F8D-AAF6-B1D962A7544F}.Release|x64.Build.0 = Release|x64
		{78DCAA7F-8F1A-4F8D-AAF6-B1D962A7544F}.Release|x86.ActiveCfg = Release|Win32
		{78DCAA7F-8F1A-4F8D-AAF6-B1D962A7544F}.Release|x86.Build.0 = Release|Win32
	EndGlobalSection
	GlobalSection(SolutionProperties) = preSolution
		HideSolutionNode = FALSE
	EndGlobalSection
	GlobalSection(ExtensibilityGlobals) = postSolution
		SolutionGuid = {114E7350-244A-417A-A8F8-03FF8173BEE6}
	EndGlobalSection
EndGlobal
