
Microsoft Visual Studio Solution File, Format Version 12.00
# Visual Studio Version 16
VisualStudioVersion = 16.0.31019.35
MinimumVisualStudioVersion = 10.0.40219.1
Project("{8BC9CEB8-8B4A-11D0-8D11-00A0C91BC942}") = "2021_7_12", "2021_7_12.vcxproj", "{265884B5-2471-4513-B701-F8E3952EB259}"
EndProject
Global
	GlobalSection(SolutionConfigurationPlatforms) = preSolution
		Debug|x64 = Debug|x64
		Debug|x86 = Debug|x86
		Release|x64 = Release|x64
		Release|x86 = Release|x86
	EndGlobalSection
	GlobalSection(ProjectConfigurationPlatforms) = postSolution
		{265884B5-2471-4513-B701-F8E3952EB259}.Debug|x64.ActiveCfg = Debug|x64
		{265884B5-2471-4513-B701-F8E3952EB259}.Debug|x64.Build.0 = Debug|x64
		{265884B5-2471-4513-B701-F8E3952EB259}.Debug|x86.ActiveCfg = Debug|Win32
		{265884B5-2471-4513-B701-F8E3952EB259}.Debug|x86.Build.0 = Debug|Win32
		{265884B5-2471-4513-B701-F8E3952EB259}.Release|x64.ActiveCfg = Release|x64
		{265884B5-2471-4513-B701-F8E3952EB259}.Release|x64.Build.0 = Release|x64
		{265884B5-2471-4513-B701-F8E3952EB259}.Release|x86.ActiveCfg = Release|Win32
		{265884B5-2471-4513-B701-F8E3952EB259}.Release|x86.Build.0 = Release|Win32
	EndGlobalSection
	GlobalSection(SolutionProperties) = preSolution
		HideSolutionNode = FALSE
	EndGlobalSection
	GlobalSection(ExtensibilityGlobals) = postSolution
		SolutionGuid = {8A3FB88D-32A2-4C83-AD95-0C0A856BA6EA}
	EndGlobalSection
EndGlobal
