
Microsoft Visual Studio Solution File, Format Version 12.00
# Visual Studio Version 16
VisualStudioVersion = 16.0.31019.35
MinimumVisualStudioVersion = 10.0.40219.1
Project("{8BC9CEB8-8B4A-11D0-8D11-00A0C91BC942}") = "字符串函数", "字符串函数.vcxproj", "{522543BA-8A50-4074-9FDF-D0450858747F}"
EndProject
Global
	GlobalSection(SolutionConfigurationPlatforms) = preSolution
		Debug|x64 = Debug|x64
		Debug|x86 = Debug|x86
		Release|x64 = Release|x64
		Release|x86 = Release|x86
	EndGlobalSection
	GlobalSection(ProjectConfigurationPlatforms) = postSolution
		{522543BA-8A50-4074-9FDF-D0450858747F}.Debug|x64.ActiveCfg = Debug|x64
		{522543BA-8A50-4074-9FDF-D0450858747F}.Debug|x64.Build.0 = Debug|x64
		{522543BA-8A50-4074-9FDF-D0450858747F}.Debug|x86.ActiveCfg = Debug|Win32
		{522543BA-8A50-4074-9FDF-D0450858747F}.Debug|x86.Build.0 = Debug|Win32
		{522543BA-8A50-4074-9FDF-D0450858747F}.Release|x64.ActiveCfg = Release|x64
		{522543BA-8A50-4074-9FDF-D0450858747F}.Release|x64.Build.0 = Release|x64
		{522543BA-8A50-4074-9FDF-D0450858747F}.Release|x86.ActiveCfg = Release|Win32
		{522543BA-8A50-4074-9FDF-D0450858747F}.Release|x86.Build.0 = Release|Win32
	EndGlobalSection
	GlobalSection(SolutionProperties) = preSolution
		HideSolutionNode = FALSE
	EndGlobalSection
	GlobalSection(ExtensibilityGlobals) = postSolution
		SolutionGuid = {6B931DBD-B997-4EE5-B9D1-F68AF34646B9}
	EndGlobalSection
EndGlobal
