
Microsoft Visual Studio Solution File, Format Version 12.00
# Visual Studio Version 16
VisualStudioVersion = 16.0.31019.35
MinimumVisualStudioVersion = 10.0.40219.1
Project("{8BC9CEB8-8B4A-11D0-8D11-00A0C91BC942}") = "AddTest", "AddTest.vcxproj", "{25AE88BC-80B0-4E5C-93B6-6B1388A7EB8A}"
EndProject
Global
	GlobalSection(SolutionConfigurationPlatforms) = preSolution
		Debug|x64 = Debug|x64
		Debug|x86 = Debug|x86
		Release|x64 = Release|x64
		Release|x86 = Release|x86
	EndGlobalSection
	GlobalSection(ProjectConfigurationPlatforms) = postSolution
		{25AE88BC-80B0-4E5C-93B6-6B1388A7EB8A}.Debug|x64.ActiveCfg = Debug|x64
		{25AE88BC-80B0-4E5C-93B6-6B1388A7EB8A}.Debug|x64.Build.0 = Debug|x64
		{25AE88BC-80B0-4E5C-93B6-6B1388A7EB8A}.Debug|x86.ActiveCfg = Debug|Win32
		{25AE88BC-80B0-4E5C-93B6-6B1388A7EB8A}.Debug|x86.Build.0 = Debug|Win32
		{25AE88BC-80B0-4E5C-93B6-6B1388A7EB8A}.Release|x64.ActiveCfg = Release|x64
		{25AE88BC-80B0-4E5C-93B6-6B1388A7EB8A}.Release|x64.Build.0 = Release|x64
		{25AE88BC-80B0-4E5C-93B6-6B1388A7EB8A}.Release|x86.ActiveCfg = Release|Win32
		{25AE88BC-80B0-4E5C-93B6-6B1388A7EB8A}.Release|x86.Build.0 = Release|Win32
	EndGlobalSection
	GlobalSection(SolutionProperties) = preSolution
		HideSolutionNode = FALSE
	EndGlobalSection
	GlobalSection(ExtensibilityGlobals) = postSolution
		SolutionGuid = {33F42E4D-78C6-48D7-B2CB-2F88CA685C14}
	EndGlobalSection
EndGlobal
